
Microsoft Visual Studio Solution File, Format Version 11.00
# Visual Studio 2010
Project("{FAE04EC0-301F-11D3-BF4B-00C04F79EFBC}") = "Assembly-CSharp", "Assembly-CSharp.csproj", "{E5401501-03E3-5F93-4203-682F36204108}"
EndProject
Project("{FAE04EC0-301F-11D3-BF4B-00C04F79EFBC}") = "Assembly-CSharp-Editor", "Assembly-CSharp-Editor.csproj", "{9AD8D031-E730-FCBA-76EE-7AD49EF743C8}"
EndProject
Global
	GlobalSection(SolutionConfigurationPlatforms) = preSolution
		Debug|Any CPU = Debug|Any CPU
		Release|Any CPU = Release|Any CPU
	EndGlobalSection
	GlobalSection(ProjectConfigurationPlatforms) = postSolution
		{E5401501-03E3-5F93-4203-682F36204108}.Debug|Any CPU.ActiveCfg = Debug|Any CPU
		{E5401501-03E3-5F93-4203-682F36204108}.Debug|Any CPU.Build.0 = Debug|Any CPU
		{E5401501-03E3-5F93-4203-682F36204108}.Release|Any CPU.ActiveCfg = Release|Any CPU
		{E5401501-03E3-5F93-4203-682F36204108}.Release|Any CPU.Build.0 = Release|Any CPU
		{9AD8D031-E730-FCBA-76EE-7AD49EF743C8}.Debug|Any CPU.ActiveCfg = Debug|Any CPU
		{9AD8D031-E730-FCBA-76EE-7AD49EF743C8}.Debug|Any CPU.Build.0 = Debug|Any CPU
		{9AD8D031-E730-FCBA-76EE-7AD49EF743C8}.Release|Any CPU.ActiveCfg = Release|Any CPU
		{9AD8D031-E730-FCBA-76EE-7AD49EF743C8}.Release|Any CPU.Build.0 = Release|Any CPU
	EndGlobalSection
	GlobalSection(SolutionProperties) = preSolution
		HideSolutionNode = FALSE
	EndGlobalSection
EndGlobal
